{
  "version": 4,
  "terraform_version": "1.10.0",
  "serial": 81,
  "lineage": "ec9d239f-d837-7832-8248-61eaae986817",
  "outputs": {},
  "resources": [
    {
      "mode": "managed",
      "type": "helm_release",
      "name": "argocd",
      "provider": "provider[\"registry.terraform.io/hashicorp/helm\"]",
      "instances": [
        {
          "schema_version": 1,
          "attributes": {
            "atomic": false,
            "chart": "argo-cd",
            "cleanup_on_fail": false,
            "create_namespace": true,
            "dependency_update": false,
            "description": null,
            "devel": null,
            "disable_crd_hooks": false,
            "disable_openapi_validation": false,
            "disable_webhooks": false,
            "force_update": false,
            "id": "argocd",
            "keyring": null,
            "lint": false,
            "manifest": null,
            "max_history": 0,
            "metadata": [
              {
                "app_version": "v2.12.1",
                "chart": "argo-cd",
                "first_deployed": 1733825383,
                "last_deployed": 1733825383,
                "name": "argocd",
                "namespace": "argocd",
                "notes": "In order to access the server UI you have the following options:\n\n1. kubectl port-forward service/argocd-server -n argocd 8080:443\n\n    and then open the browser on http://localhost:8080 and accept the certificate\n\n2. enable ingress in the values file `server.ingress.enabled` and either\n      - Add the annotation for ssl passthrough: https://argo-cd.readthedocs.io/en/stable/operator-manual/ingress/#option-1-ssl-passthrough\n      - Set the `configs.params.\"server.insecure\"` in the values file and terminate SSL at your ingress: https://argo-cd.readthedocs.io/en/stable/operator-manual/ingress/#option-2-multiple-ingress-objects-and-hosts\n\n\nAfter reaching the UI the first time you can login with username: admin and the random password generated during the installation. You can find the password by running:\n\nkubectl -n argocd get secret argocd-initial-admin-secret -o jsonpath=\"{.data.password}\" | base64 -d\n\n(You should delete the initial secret afterwards as suggested by the Getting Started Guide: https://argo-cd.readthedocs.io/en/stable/getting_started/#4-login-using-the-cli)\n",
                "revision": 1,
                "values": "{\"applicationSet\":{\"enabled\":true},\"configs\":{\"secret\":{\"createSecretIfMissing\":true}},\"controller\":{\"resources\":{\"limits\":{\"cpu\":\"200m\",\"memory\":\"512Mi\"},\"requests\":{\"cpu\":\"100m\",\"memory\":\"256Mi\"}}},\"installCRDs\":true,\"redis\":{\"enabled\":true,\"resources\":{\"limits\":{\"cpu\":\"100m\",\"memory\":\"256Mi\"},\"requests\":{\"cpu\":\"50m\",\"memory\":\"128Mi\"}}},\"repo-server\":{\"resources\":{\"limits\":{\"cpu\":\"500m\",\"memory\":\"1Gi\"},\"requests\":{\"cpu\":\"250m\",\"memory\":\"512Mi\"}}},\"repository.credentials\":[{\"secretName\":\"github-secret\",\"url\":\"https://github.com/goxygit/terraform_argoCD.git\"}],\"server\":{\"extraArgs\":[\"--insecure\"],\"rbac\":{\"enabled\":true,\"policy\":\"g, admin, role:admin\\n\"},\"service\":{\"port\":8080,\"type\":\"ClusterIP\"}}}",
                "version": "7.4.4"
              }
            ],
            "name": "argocd",
            "namespace": "argocd",
            "pass_credentials": false,
            "postrender": [],
            "recreate_pods": false,
            "render_subchart_notes": true,
            "replace": false,
            "repository": "https://argoproj.github.io/argo-helm",
            "repository_ca_file": null,
            "repository_cert_file": null,
            "repository_key_file": null,
            "repository_password": null,
            "repository_username": null,
            "reset_values": false,
            "reuse_values": false,
            "set": [
              {
                "name": "installCRDs",
                "type": "",
                "value": "true"
              }
            ],
            "set_list": [],
            "set_sensitive": [],
            "skip_crds": false,
            "status": "deployed",
            "timeout": 300,
            "upgrade_install": null,
            "values": [
              "configs:\r\n  secret:\r\n    createSecretIfMissing: true\r\n\r\nserver:\r\n  service:\r\n    type: ClusterIP\r\n    port: 8080\r\n  extraArgs:\r\n    - \"--insecure\"\r\n  rbac:\r\n    enabled: true\r\n    policy: |\r\n      g, admin, role:admin\r\n\r\ncontroller:\r\n  resources:\r\n    limits:\r\n      cpu: 200m\r\n      memory: 512Mi\r\n    requests:\r\n      cpu: 100m\r\n      memory: 256Mi\r\n\r\nrepo-server:\r\n  resources:\r\n    limits:\r\n      cpu: 500m\r\n      memory: 1Gi\r\n    requests:\r\n      cpu: 250m\r\n      memory: 512Mi\r\n\r\napplicationSet:\r\n  enabled: true\r\n\r\nredis:\r\n  enabled: true\r\n  resources:\r\n    limits:\r\n      cpu: 100m\r\n      memory: 256Mi\r\n    requests:\r\n      cpu: 50m\r\n      memory: 128Mi\r\n\r\nrepository.credentials:\r\n  - url: \"https://github.com/goxygit/terraform_argoCD.git\"\r\n    secretName: \"github-secret\"\r\n"
            ],
            "verify": false,
            "version": "7.4.4",
            "wait": true,
            "wait_for_jobs": false
          },
          "sensitive_attributes": [
            [
              {
                "type": "get_attr",
                "value": "repository_password"
              }
            ]
          ],
          "private": "eyJzY2hlbWFfdmVyc2lvbiI6IjEifQ=="
        }
      ]
    },
    {
      "mode": "managed",
      "type": "helm_release",
      "name": "cert_manager",
      "provider": "provider[\"registry.terraform.io/hashicorp/helm\"]",
      "instances": [
        {
          "schema_version": 1,
          "attributes": {
            "atomic": false,
            "chart": "cert-manager",
            "cleanup_on_fail": false,
            "create_namespace": true,
            "dependency_update": false,
            "description": null,
            "devel": null,
            "disable_crd_hooks": false,
            "disable_openapi_validation": false,
            "disable_webhooks": false,
            "force_update": false,
            "id": "cert-manager",
            "keyring": null,
            "lint": false,
            "manifest": null,
            "max_history": 0,
            "metadata": [
              {
                "app_version": "v1.16.1",
                "chart": "cert-manager",
                "first_deployed": 1733825071,
                "last_deployed": 1733825071,
                "name": "cert-manager",
                "namespace": "cert-manager",
                "notes": "\n⚠️  WARNING: `installCRDs` is deprecated, use `crds.enabled` instead.\ncert-manager v1.16.1 has been deployed successfully!\n\nIn order to begin issuing certificates, you will need to set up a ClusterIssuer\nor Issuer resource (for example, by creating a 'letsencrypt-staging' issuer).\n\nMore information on the different types of issuers and how to configure them\ncan be found in our documentation:\n\nhttps://cert-manager.io/docs/configuration/\n\nFor information on how to configure cert-manager to automatically provision\nCertificates for Ingress resources, take a look at the `ingress-shim`\ndocumentation:\n\nhttps://cert-manager.io/docs/usage/ingress/\n",
                "revision": 1,
                "values": "{\"installCRDs\":true}",
                "version": "v1.16.1"
              }
            ],
            "name": "cert-manager",
            "namespace": "cert-manager",
            "pass_credentials": false,
            "postrender": [],
            "recreate_pods": false,
            "render_subchart_notes": true,
            "replace": false,
            "repository": "https://charts.jetstack.io",
            "repository_ca_file": null,
            "repository_cert_file": null,
            "repository_key_file": null,
            "repository_password": null,
            "repository_username": null,
            "reset_values": false,
            "reuse_values": false,
            "set": [
              {
                "name": "installCRDs",
                "type": "",
                "value": "true"
              }
            ],
            "set_list": [],
            "set_sensitive": [],
            "skip_crds": false,
            "status": "deployed",
            "timeout": 300,
            "upgrade_install": null,
            "values": null,
            "verify": false,
            "version": "v1.16.1",
            "wait": true,
            "wait_for_jobs": false
          },
          "sensitive_attributes": [
            [
              {
                "type": "get_attr",
                "value": "repository_password"
              }
            ]
          ],
          "private": "eyJzY2hlbWFfdmVyc2lvbiI6IjEifQ=="
        }
      ]
    },
    {
      "mode": "managed",
      "type": "helm_release",
      "name": "gha-runner-scale-set-controller",
      "provider": "provider[\"registry.terraform.io/hashicorp/helm\"]",
      "instances": [
        {
          "schema_version": 1,
          "attributes": {
            "atomic": false,
            "chart": "gha-runner-scale-set-controller",
            "cleanup_on_fail": false,
            "create_namespace": true,
            "dependency_update": false,
            "description": null,
            "devel": null,
            "disable_crd_hooks": false,
            "disable_openapi_validation": false,
            "disable_webhooks": false,
            "force_update": false,
            "id": "gha-runner-scale-set-controller",
            "keyring": null,
            "lint": false,
            "manifest": null,
            "max_history": 0,
            "metadata": [
              {
                "app_version": "0.9.3",
                "chart": "gha-runner-scale-set-controller",
                "first_deployed": 1733825218,
                "last_deployed": 1733825218,
                "name": "gha-runner-scale-set-controller",
                "namespace": "actions-runner-system",
                "notes": "Thank you for installing gha-runner-scale-set-controller.\n\nYour release is named gha-runner-scale-set-controller.\n\nWARNING: Older version of the listener (githubrunnerscalesetlistener) is deprecated and will be removed in the future gha-runner-scale-set-0.10.0 release. If you are using environment variable override to force the old listener, please remove the environment variable and use the new listener (ghalistener) instead.\n",
                "revision": 1,
                "values": "{}",
                "version": "0.9.3"
              }
            ],
            "name": "gha-runner-scale-set-controller",
            "namespace": "actions-runner-system",
            "pass_credentials": false,
            "postrender": [],
            "recreate_pods": false,
            "render_subchart_notes": true,
            "replace": false,
            "repository": "oci://ghcr.io/actions/actions-runner-controller-charts",
            "repository_ca_file": null,
            "repository_cert_file": null,
            "repository_key_file": null,
            "repository_password": null,
            "repository_username": null,
            "reset_values": false,
            "reuse_values": false,
            "set": [],
            "set_list": [],
            "set_sensitive": [],
            "skip_crds": false,
            "status": "deployed",
            "timeout": 300,
            "upgrade_install": null,
            "values": null,
            "verify": false,
            "version": "0.9.3",
            "wait": true,
            "wait_for_jobs": false
          },
          "sensitive_attributes": [
            [
              {
                "type": "get_attr",
                "value": "repository_password"
              }
            ]
          ],
          "private": "eyJzY2hlbWFfdmVyc2lvbiI6IjEifQ=="
        }
      ]
    },
    {
      "mode": "managed",
      "type": "helm_release",
      "name": "gha-runner-scale-set-dind",
      "provider": "provider[\"registry.terraform.io/hashicorp/helm\"]",
      "instances": [
        {
          "schema_version": 1,
          "attributes": {
            "atomic": false,
            "chart": "gha-runner-scale-set",
            "cleanup_on_fail": false,
            "create_namespace": true,
            "dependency_update": false,
            "description": null,
            "devel": null,
            "disable_crd_hooks": false,
            "disable_openapi_validation": false,
            "disable_webhooks": false,
            "force_update": false,
            "id": "gha-runner-scale-set-dind",
            "keyring": null,
            "lint": false,
            "manifest": null,
            "max_history": 0,
            "metadata": [
              {
                "app_version": "0.9.3",
                "chart": "gha-runner-scale-set",
                "first_deployed": 1733825329,
                "last_deployed": 1733825329,
                "name": "gha-runner-scale-set-dind",
                "namespace": "actions-runner-system",
                "notes": "Thank you for installing gha-runner-scale-set.\n\nYour release is named gha-runner-scale-set-dind.",
                "revision": 1,
                "values": "{\"containerMode\":{\"type\":\"dind\"},\"githubConfigSecret\":\"github-secret\",\"githubConfigUrl\":\"https://github.com/goxygit/kurwa.git\",\"minRunners\":0,\"runnerScaleSetName\":\"local-runner\",\"template\":{\"spec\":{\"containers\":[{\"command\":[\"/home/runner/run.sh\"],\"env\":[{\"name\":\"RUNNER_EKS\",\"value\":\"true\"}],\"image\":\"ghcr.io/actions/actions-runner:latest\",\"name\":\"runner\"}],\"initContainers\":[{\"command\":[\"sudo\",\"chown\",\"-R\",\"1001:123\",\"/home/runner/_work\"],\"image\":\"ghcr.io/actions/actions-runner:latest\",\"name\":\"kube-init\",\"volumeMounts\":[{\"mountPath\":\"/home/runner/_work\",\"name\":\"work\"}]}],\"volumes\":[{\"ephemeral\":{\"volumeClaimTemplate\":{\"spec\":{\"accessModes\":[\"ReadWriteOnce\"],\"resources\":{\"requests\":{\"storage\":\"1Gi\"}}}}},\"name\":\"work\"}]}}}",
                "version": "0.9.3"
              }
            ],
            "name": "gha-runner-scale-set-dind",
            "namespace": "actions-runner-system",
            "pass_credentials": false,
            "postrender": [],
            "recreate_pods": false,
            "render_subchart_notes": true,
            "replace": false,
            "repository": "oci://ghcr.io/actions/actions-runner-controller-charts",
            "repository_ca_file": null,
            "repository_cert_file": null,
            "repository_key_file": null,
            "repository_password": null,
            "repository_username": null,
            "reset_values": false,
            "reuse_values": false,
            "set": [],
            "set_list": [],
            "set_sensitive": [],
            "skip_crds": false,
            "status": "deployed",
            "timeout": 300,
            "upgrade_install": null,
            "values": [
              "githubConfigSecret: github-secret\ngithubConfigUrl: \"https://github.com/goxygit/kurwa.git\"\nminRunners: 0\nrunnerScaleSetName: \"local-runner\"\ncontainerMode:\n  type: \"dind\"\n\n  \ntemplate:\n  spec:\n    initContainers:\n    - name: kube-init\n      image: ghcr.io/actions/actions-runner:latest\n      command: [\"sudo\", \"chown\", \"-R\", \"1001:123\", \"/home/runner/_work\"]\n      volumeMounts:\n        - name: work\n          mountPath: /home/runner/_work \n    containers:\n      - name: runner\n        image: ghcr.io/actions/actions-runner:latest\n        command: [\"/home/runner/run.sh\"]\n        env:\n        - name: RUNNER_EKS\n          value: \"true\"\n    volumes:\n      - name: work\n        ephemeral:\n          volumeClaimTemplate:\n            spec:\n              accessModes: [ \"ReadWriteOnce\" ]\n              resources:\n                requests:\n                  storage: 1Gi\n"
            ],
            "verify": false,
            "version": "0.9.3",
            "wait": true,
            "wait_for_jobs": false
          },
          "sensitive_attributes": [
            [
              {
                "type": "get_attr",
                "value": "repository_password"
              }
            ]
          ],
          "private": "eyJzY2hlbWFfdmVyc2lvbiI6IjEifQ=="
        }
      ]
    },
    {
      "mode": "managed",
      "type": "helm_release",
      "name": "prometheus_grafana",
      "provider": "provider[\"registry.terraform.io/hashicorp/helm\"]",
      "instances": [
        {
          "schema_version": 1,
          "attributes": {
            "atomic": false,
            "chart": "./environments/prometheus-grafana",
            "cleanup_on_fail": false,
            "create_namespace": true,
            "dependency_update": false,
            "description": null,
            "devel": null,
            "disable_crd_hooks": false,
            "disable_openapi_validation": false,
            "disable_webhooks": false,
            "force_update": false,
            "id": "prometheus-grafana",
            "keyring": null,
            "lint": false,
            "manifest": null,
            "max_history": 0,
            "metadata": [
              {
                "app_version": "1.0",
                "chart": "prometheus-grafana",
                "first_deployed": 1733841262,
                "last_deployed": 1733841262,
                "name": "prometheus-grafana",
                "namespace": "monitoring",
                "notes": "The Prometheus server can be accessed via port 80 on the following DNS name from within your cluster:\nprometheus-grafana-server.monitoring.svc.cluster.local\n\n\nGet the Prometheus server URL by running these commands in the same shell:\n  export POD_NAME=$(kubectl get pods --namespace monitoring -l \"app=prometheus,component=server\" -o jsonpath=\"{.items[0].metadata.name}\")\n  kubectl --namespace monitoring port-forward $POD_NAME 9090\n\n\nThe Prometheus alertmanager can be accessed via port 80 on the following DNS name from within your cluster:\nprometheus-grafana-alertmanager.monitoring.svc.cluster.local\n\n\nGet the Alertmanager URL by running these commands in the same shell:\n  export POD_NAME=$(kubectl get pods --namespace monitoring -l \"app=prometheus,component=alertmanager\" -o jsonpath=\"{.items[0].metadata.name}\")\n  kubectl --namespace monitoring port-forward $POD_NAME 9093\n#################################################################################\n######   WARNING: Pod Security Policy has been moved to a global property.  #####\n######            use .Values.podSecurityPolicy.enabled with pod-based      #####\n######            annotations                                               #####\n######            (e.g. .Values.nodeExporter.podSecurityPolicy.annotations) #####\n#################################################################################\n\n\nThe Prometheus PushGateway can be accessed via port 9091 on the following DNS name from within your cluster:\nprometheus-grafana-pushgateway.monitoring.svc.cluster.local\n\n\nGet the PushGateway URL by running these commands in the same shell:\n  export POD_NAME=$(kubectl get pods --namespace monitoring -l \"app=prometheus,component=pushgateway\" -o jsonpath=\"{.items[0].metadata.name}\")\n  kubectl --namespace monitoring port-forward $POD_NAME 9091\n\nFor more information on running Prometheus, visit:\nhttps://prometheus.io/\n\n1. Get your 'admin' user password by running:\n\n   kubectl get secret --namespace monitoring prometheus-grafana -o jsonpath=\"{.data.admin-password}\" | base64 --decode ; echo\n\n2. The Grafana server can be accessed via port 80 on the following DNS name from within your cluster:\n\n   prometheus-grafana.monitoring.svc.cluster.local\n\n   Get the Grafana URL to visit by running these commands in the same shell:\n     export POD_NAME=$(kubectl get pods --namespace monitoring -l \"app.kubernetes.io/name=grafana,app.kubernetes.io/instance=prometheus-grafana\" -o jsonpath=\"{.items[0].metadata.name}\")\n     kubectl --namespace monitoring port-forward $POD_NAME 3000\n\n3. Login with the password from step 1 and the username: admin\n#################################################################################\n######   WARNING: Persistence is disabled!!! You will lose your data when   #####\n######            the Grafana pod is terminated.                            #####\n#################################################################################\n\nkube-state-metrics is a simple service that listens to the Kubernetes API server and generates metrics about the state of the objects.\nThe exposed metrics can be found here:\nhttps://github.com/kubernetes/kube-state-metrics/blob/master/docs/README.md#exposed-metrics\n\nThe metrics are exported on the HTTP endpoint /metrics on the listening port.\nIn your case, prometheus-grafana-kube-state-metrics.monitoring.svc.cluster.local:8080/metrics\n\nThey are served either as plaintext or protobuf depending on the Accept header.\nThey are designed to be consumed either by Prometheus itself or by a scraper that is compatible with scraping a Prometheus client endpoint.\n\n",
                "revision": 1,
                "values": "{\"grafana\":{\"adminPassword\":\"admin\",\"datasources\":{\"default\":{\"type\":\"prometheus\",\"url\":\"http://prometheus-server.monitoring.svc.cluster.local\"}},\"enabled\":true,\"persistence\":null,\"size\":\"10Gi\"},\"prometheus\":{\"persistence\":{\"enabled\":true,\"size\":\"10Gi\"},\"replicaCount\":1,\"resources\":{\"limits\":{\"cpu\":\"1536m\",\"memory\":\"2Gi\"},\"requests\":{\"cpu\":\"1536m\",\"memory\":\"2Gi\"}}}}",
                "version": "0.1.0"
              }
            ],
            "name": "prometheus-grafana",
            "namespace": "monitoring",
            "pass_credentials": false,
            "postrender": [],
            "recreate_pods": false,
            "render_subchart_notes": true,
            "replace": false,
            "repository": "https://prometheus-community.github.io/helm-charts",
            "repository_ca_file": null,
            "repository_cert_file": null,
            "repository_key_file": null,
            "repository_password": null,
            "repository_username": null,
            "reset_values": false,
            "reuse_values": false,
            "set": [],
            "set_list": [],
            "set_sensitive": [],
            "skip_crds": false,
            "status": "deployed",
            "timeout": 300,
            "upgrade_install": null,
            "values": [
              "# Values for Prometheus and Grafana\r\nprometheus:\r\n  replicaCount: 1\r\n  resources:\r\n    limits:\r\n      cpu: 1536m\r\n      memory: 2Gi\r\n    requests:\r\n      cpu: 1536m\r\n      memory: 2Gi\r\n  persistence:\r\n    enabled: true\r\n    size: 10Gi\r\n\r\ngrafana:\r\n  adminPassword: \"admin\"\r\n  datasources:\r\n    default:\r\n      type: \"prometheus\"\r\n      url: \"http://prometheus-server.monitoring.svc.cluster.local\"\r\n  persistence:\r\n  enabled: true\r\n  size: 10Gi\r\n"
            ],
            "verify": false,
            "version": "0.1.0",
            "wait": true,
            "wait_for_jobs": false
          },
          "sensitive_attributes": [
            [
              {
                "type": "get_attr",
                "value": "repository_password"
              }
            ]
          ],
          "private": "eyJzY2hlbWFfdmVyc2lvbiI6IjEifQ=="
        }
      ]
    },
    {
      "mode": "managed",
      "type": "kubernetes_manifest",
      "name": "argocd_application",
      "provider": "provider[\"registry.terraform.io/hashicorp/kubernetes\"]",
      "instances": [
        {
          "schema_version": 1,
          "attributes": {
            "computed_fields": null,
            "field_manager": [],
            "manifest": {
              "value": {
                "apiVersion": "argoproj.io/v1alpha1",
                "kind": "Application",
                "metadata": {
                  "name": "argocd-parent-application",
                  "namespace": "argocd"
                },
                "spec": {
                  "destination": {
                    "namespace": "gnida-dev",
                    "server": "https://kubernetes.default.svc"
                  },
                  "project": "gnida",
                  "source": {
                    "path": "./environments",
                    "repoURL": "https://github.com/goxigit/terraform_argoCD.git",
                    "targetRevision": "application"
                  },
                  "syncPolicy": {
                    "automated": {
                      "prune": true,
                      "selfHeal": true
                    },
                    "syncOptions": [
                      "CreateNamespace=true"
                    ]
                  }
                }
              },
              "type": [
                "object",
                {
                  "apiVersion": "string",
                  "kind": "string",
                  "metadata": [
                    "object",
                    {
                      "name": "string",
                      "namespace": "string"
                    }
                  ],
                  "spec": [
                    "object",
                    {
                      "destination": [
                        "object",
                        {
                          "namespace": "string",
                          "server": "string"
                        }
                      ],
                      "project": "string",
                      "source": [
                        "object",
                        {
                          "path": "string",
                          "repoURL": "string",
                          "targetRevision": "string"
                        }
                      ],
                      "syncPolicy": [
                        "object",
                        {
                          "automated": [
                            "object",
                            {
                              "prune": "bool",
                              "selfHeal": "bool"
                            }
                          ],
                          "syncOptions": [
                            "tuple",
                            [
                              "string"
                            ]
                          ]
                        }
                      ]
                    }
                  ]
                }
              ]
            },
            "object": {
              "value": {
                "apiVersion": "argoproj.io/v1alpha1",
                "kind": "Application",
                "metadata": {
                  "annotations": null,
                  "creationTimestamp": null,
                  "deletionGracePeriodSeconds": null,
                  "deletionTimestamp": null,
                  "finalizers": null,
                  "generateName": null,
                  "generation": null,
                  "labels": null,
                  "managedFields": null,
                  "name": "argocd-parent-application",
                  "namespace": "argocd",
                  "ownerReferences": null,
                  "resourceVersion": null,
                  "selfLink": null,
                  "uid": null
                },
                "operation": {
                  "info": null,
                  "initiatedBy": {
                    "automated": null,
                    "username": null
                  },
                  "retry": {
                    "backoff": {
                      "duration": null,
                      "factor": null,
                      "maxDuration": null
                    },
                    "limit": null
                  },
                  "sync": {
                    "dryRun": null,
                    "manifests": null,
                    "prune": null,
                    "resources": null,
                    "revision": null,
                    "revisions": null,
                    "source": {
                      "chart": null,
                      "directory": {
                        "exclude": null,
                        "include": null,
                        "jsonnet": {
                          "extVars": null,
                          "libs": null,
                          "tlas": null
                        },
                        "recurse": null
                      },
                      "helm": {
                        "fileParameters": null,
                        "ignoreMissingValueFiles": null,
                        "parameters": null,
                        "passCredentials": null,
                        "releaseName": null,
                        "skipCrds": null,
                        "valueFiles": null,
                        "values": null,
                        "valuesObject": null,
                        "version": null
                      },
                      "kustomize": {
                        "commonAnnotations": null,
                        "commonAnnotationsEnvsubst": null,
                        "commonLabels": null,
                        "components": null,
                        "forceCommonAnnotations": null,
                        "forceCommonLabels": null,
                        "images": null,
                        "labelWithoutSelector": null,
                        "namePrefix": null,
                        "nameSuffix": null,
                        "namespace": null,
                        "patches": null,
                        "replicas": null,
                        "version": null
                      },
                      "path": null,
                      "plugin": {
                        "env": null,
                        "name": null,
                        "parameters": null
                      },
                      "ref": null,
                      "repoURL": null,
                      "targetRevision": null
                    },
                    "sources": null,
                    "syncOptions": null,
                    "syncStrategy": {
                      "apply": {
                        "force": null
                      },
                      "hook": {
                        "force": null
                      }
                    }
                  }
                },
                "spec": {
                  "destination": {
                    "name": null,
                    "namespace": "gnida-dev",
                    "server": "https://kubernetes.default.svc"
                  },
                  "ignoreDifferences": null,
                  "info": null,
                  "project": "gnida",
                  "revisionHistoryLimit": null,
                  "source": {
                    "chart": null,
                    "directory": {
                      "exclude": null,
                      "include": null,
                      "jsonnet": {
                        "extVars": null,
                        "libs": null,
                        "tlas": null
                      },
                      "recurse": null
                    },
                    "helm": {
                      "fileParameters": null,
                      "ignoreMissingValueFiles": null,
                      "parameters": null,
                      "passCredentials": null,
                      "releaseName": null,
                      "skipCrds": null,
                      "valueFiles": null,
                      "values": null,
                      "valuesObject": null,
                      "version": null
                    },
                    "kustomize": {
                      "commonAnnotations": null,
                      "commonAnnotationsEnvsubst": null,
                      "commonLabels": null,
                      "components": null,
                      "forceCommonAnnotations": null,
                      "forceCommonLabels": null,
                      "images": null,
                      "labelWithoutSelector": null,
                      "namePrefix": null,
                      "nameSuffix": null,
                      "namespace": null,
                      "patches": null,
                      "replicas": null,
                      "version": null
                    },
                    "path": "./environments",
                    "plugin": {
                      "env": null,
                      "name": null,
                      "parameters": null
                    },
                    "ref": null,
                    "repoURL": "https://github.com/goxigit/terraform_argoCD.git",
                    "targetRevision": "application"
                  },
                  "sources": null,
                  "syncPolicy": {
                    "automated": {
                      "allowEmpty": null,
                      "prune": true,
                      "selfHeal": true
                    },
                    "managedNamespaceMetadata": {
                      "annotations": null,
                      "labels": null
                    },
                    "retry": {
                      "backoff": {
                        "duration": null,
                        "factor": null,
                        "maxDuration": null
                      },
                      "limit": null
                    },
                    "syncOptions": [
                      "CreateNamespace=true"
                    ]
                  }
                }
              },
              "type": [
                "object",
                {
                  "apiVersion": "string",
                  "kind": "string",
                  "metadata": [
                    "object",
                    {
                      "annotations": [
                        "map",
                        "string"
                      ],
                      "creationTimestamp": "string",
                      "deletionGracePeriodSeconds": "number",
                      "deletionTimestamp": "string",
                      "finalizers": [
                        "list",
                        "string"
                      ],
                      "generateName": "string",
                      "generation": "number",
                      "labels": [
                        "map",
                        "string"
                      ],
                      "managedFields": [
                        "tuple",
                        [
                          [
                            "object",
                            {
                              "apiVersion": "string",
                              "fieldsType": "string",
                              "fieldsV1": "dynamic",
                              "manager": "string",
                              "operation": "string",
                              "subresource": "string",
                              "time": "string"
                            }
                          ]
                        ]
                      ],
                      "name": "string",
                      "namespace": "string",
                      "ownerReferences": [
                        "list",
                        [
                          "object",
                          {
                            "apiVersion": "string",
                            "blockOwnerDeletion": "bool",
                            "controller": "bool",
                            "kind": "string",
                            "name": "string",
                            "uid": "string"
                          }
                        ]
                      ],
                      "resourceVersion": "string",
                      "selfLink": "string",
                      "uid": "string"
                    }
                  ],
                  "operation": [
                    "object",
                    {
                      "info": [
                        "list",
                        [
                          "object",
                          {
                            "name": "string",
                            "value": "string"
                          }
                        ]
                      ],
                      "initiatedBy": [
                        "object",
                        {
                          "automated": "bool",
                          "username": "string"
                        }
                      ],
                      "retry": [
                        "object",
                        {
                          "backoff": [
                            "object",
                            {
                              "duration": "string",
                              "factor": "number",
                              "maxDuration": "string"
                            }
                          ],
                          "limit": "number"
                        }
                      ],
                      "sync": [
                        "object",
                        {
                          "dryRun": "bool",
                          "manifests": [
                            "list",
                            "string"
                          ],
                          "prune": "bool",
                          "resources": [
                            "list",
                            [
                              "object",
                              {
                                "group": "string",
                                "kind": "string",
                                "name": "string",
                                "namespace": "string"
                              }
                            ]
                          ],
                          "revision": "string",
                          "revisions": [
                            "list",
                            "string"
                          ],
                          "source": [
                            "object",
                            {
                              "chart": "string",
                              "directory": [
                                "object",
                                {
                                  "exclude": "string",
                                  "include": "string",
                                  "jsonnet": [
                                    "object",
                                    {
                                      "extVars": [
                                        "list",
                                        [
                                          "object",
                                          {
                                            "code": "bool",
                                            "name": "string",
                                            "value": "string"
                                          }
                                        ]
                                      ],
                                      "libs": [
                                        "list",
                                        "string"
                                      ],
                                      "tlas": [
                                        "list",
                                        [
                                          "object",
                                          {
                                            "code": "bool",
                                            "name": "string",
                                            "value": "string"
                                          }
                                        ]
                                      ]
                                    }
                                  ],
                                  "recurse": "bool"
                                }
                              ],
                              "helm": [
                                "object",
                                {
                                  "fileParameters": [
                                    "list",
                                    [
                                      "object",
                                      {
                                        "name": "string",
                                        "path": "string"
                                      }
                                    ]
                                  ],
                                  "ignoreMissingValueFiles": "bool",
                                  "parameters": [
                                    "list",
                                    [
                                      "object",
                                      {
                                        "forceString": "bool",
                                        "name": "string",
                                        "value": "string"
                                      }
                                    ]
                                  ],
                                  "passCredentials": "bool",
                                  "releaseName": "string",
                                  "skipCrds": "bool",
                                  "valueFiles": [
                                    "list",
                                    "string"
                                  ],
                                  "values": "string",
                                  "valuesObject": "dynamic",
                                  "version": "string"
                                }
                              ],
                              "kustomize": [
                                "object",
                                {
                                  "commonAnnotations": [
                                    "map",
                                    "string"
                                  ],
                                  "commonAnnotationsEnvsubst": "bool",
                                  "commonLabels": [
                                    "map",
                                    "string"
                                  ],
                                  "components": [
                                    "list",
                                    "string"
                                  ],
                                  "forceCommonAnnotations": "bool",
                                  "forceCommonLabels": "bool",
                                  "images": [
                                    "list",
                                    "string"
                                  ],
                                  "labelWithoutSelector": "bool",
                                  "namePrefix": "string",
                                  "nameSuffix": "string",
                                  "namespace": "string",
                                  "patches": [
                                    "list",
                                    [
                                      "object",
                                      {
                                        "options": [
                                          "map",
                                          "bool"
                                        ],
                                        "patch": "string",
                                        "path": "string",
                                        "target": [
                                          "object",
                                          {
                                            "annotationSelector": "string",
                                            "group": "string",
                                            "kind": "string",
                                            "labelSelector": "string",
                                            "name": "string",
                                            "namespace": "string",
                                            "version": "string"
                                          }
                                        ]
                                      }
                                    ]
                                  ],
                                  "replicas": [
                                    "list",
                                    [
                                      "object",
                                      {
                                        "count": "string",
                                        "name": "string"
                                      }
                                    ]
                                  ],
                                  "version": "string"
                                }
                              ],
                              "path": "string",
                              "plugin": [
                                "object",
                                {
                                  "env": [
                                    "list",
                                    [
                                      "object",
                                      {
                                        "name": "string",
                                        "value": "string"
                                      }
                                    ]
                                  ],
                                  "name": "string",
                                  "parameters": [
                                    "list",
                                    [
                                      "object",
                                      {
                                        "array": [
                                          "list",
                                          "string"
                                        ],
                                        "map": [
                                          "map",
                                          "string"
                                        ],
                                        "name": "string",
                                        "string": "string"
                                      }
                                    ]
                                  ]
                                }
                              ],
                              "ref": "string",
                              "repoURL": "string",
                              "targetRevision": "string"
                            }
                          ],
                          "sources": [
                            "tuple",
                            [
                              [
                                "object",
                                {
                                  "chart": "string",
                                  "directory": [
                                    "object",
                                    {
                                      "exclude": "string",
                                      "include": "string",
                                      "jsonnet": [
                                        "object",
                                        {
                                          "extVars": [
                                            "list",
                                            [
                                              "object",
                                              {
                                                "code": "bool",
                                                "name": "string",
                                                "value": "string"
                                              }
                                            ]
                                          ],
                                          "libs": [
                                            "list",
                                            "string"
                                          ],
                                          "tlas": [
                                            "list",
                                            [
                                              "object",
                                              {
                                                "code": "bool",
                                                "name": "string",
                                                "value": "string"
                                              }
                                            ]
                                          ]
                                        }
                                      ],
                                      "recurse": "bool"
                                    }
                                  ],
                                  "helm": [
                                    "object",
                                    {
                                      "fileParameters": [
                                        "list",
                                        [
                                          "object",
                                          {
                                            "name": "string",
                                            "path": "string"
                                          }
                                        ]
                                      ],
                                      "ignoreMissingValueFiles": "bool",
                                      "parameters": [
                                        "list",
                                        [
                                          "object",
                                          {
                                            "forceString": "bool",
                                            "name": "string",
                                            "value": "string"
                                          }
                                        ]
                                      ],
                                      "passCredentials": "bool",
                                      "releaseName": "string",
                                      "skipCrds": "bool",
                                      "valueFiles": [
                                        "list",
                                        "string"
                                      ],
                                      "values": "string",
                                      "valuesObject": "dynamic",
                                      "version": "string"
                                    }
                                  ],
                                  "kustomize": [
                                    "object",
                                    {
                                      "commonAnnotations": [
                                        "map",
                                        "string"
                                      ],
                                      "commonAnnotationsEnvsubst": "bool",
                                      "commonLabels": [
                                        "map",
                                        "string"
                                      ],
                                      "components": [
                                        "list",
                                        "string"
                                      ],
                                      "forceCommonAnnotations": "bool",
                                      "forceCommonLabels": "bool",
                                      "images": [
                                        "list",
                                        "string"
                                      ],
                                      "labelWithoutSelector": "bool",
                                      "namePrefix": "string",
                                      "nameSuffix": "string",
                                      "namespace": "string",
                                      "patches": [
                                        "list",
                                        [
                                          "object",
                                          {
                                            "options": [
                                              "map",
                                              "bool"
                                            ],
                                            "patch": "string",
                                            "path": "string",
                                            "target": [
                                              "object",
                                              {
                                                "annotationSelector": "string",
                                                "group": "string",
                                                "kind": "string",
                                                "labelSelector": "string",
                                                "name": "string",
                                                "namespace": "string",
                                                "version": "string"
                                              }
                                            ]
                                          }
                                        ]
                                      ],
                                      "replicas": [
                                        "list",
                                        [
                                          "object",
                                          {
                                            "count": "string",
                                            "name": "string"
                                          }
                                        ]
                                      ],
                                      "version": "string"
                                    }
                                  ],
                                  "path": "string",
                                  "plugin": [
                                    "object",
                                    {
                                      "env": [
                                        "list",
                                        [
                                          "object",
                                          {
                                            "name": "string",
                                            "value": "string"
                                          }
                                        ]
                                      ],
                                      "name": "string",
                                      "parameters": [
                                        "list",
                                        [
                                          "object",
                                          {
                                            "array": [
                                              "list",
                                              "string"
                                            ],
                                            "map": [
                                              "map",
                                              "string"
                                            ],
                                            "name": "string",
                                            "string": "string"
                                          }
                                        ]
                                      ]
                                    }
                                  ],
                                  "ref": "string",
                                  "repoURL": "string",
                                  "targetRevision": "string"
                                }
                              ]
                            ]
                          ],
                          "syncOptions": [
                            "list",
                            "string"
                          ],
                          "syncStrategy": [
                            "object",
                            {
                              "apply": [
                                "object",
                                {
                                  "force": "bool"
                                }
                              ],
                              "hook": [
                                "object",
                                {
                                  "force": "bool"
                                }
                              ]
                            }
                          ]
                        }
                      ]
                    }
                  ],
                  "spec": [
                    "object",
                    {
                      "destination": [
                        "object",
                        {
                          "name": "string",
                          "namespace": "string",
                          "server": "string"
                        }
                      ],
                      "ignoreDifferences": [
                        "list",
                        [
                          "object",
                          {
                            "group": "string",
                            "jqPathExpressions": [
                              "list",
                              "string"
                            ],
                            "jsonPointers": [
                              "list",
                              "string"
                            ],
                            "kind": "string",
                            "managedFieldsManagers": [
                              "list",
                              "string"
                            ],
                            "name": "string",
                            "namespace": "string"
                          }
                        ]
                      ],
                      "info": [
                        "list",
                        [
                          "object",
                          {
                            "name": "string",
                            "value": "string"
                          }
                        ]
                      ],
                      "project": "string",
                      "revisionHistoryLimit": "number",
                      "source": [
                        "object",
                        {
                          "chart": "string",
                          "directory": [
                            "object",
                            {
                              "exclude": "string",
                              "include": "string",
                              "jsonnet": [
                                "object",
                                {
                                  "extVars": [
                                    "list",
                                    [
                                      "object",
                                      {
                                        "code": "bool",
                                        "name": "string",
                                        "value": "string"
                                      }
                                    ]
                                  ],
                                  "libs": [
                                    "list",
                                    "string"
                                  ],
                                  "tlas": [
                                    "list",
                                    [
                                      "object",
                                      {
                                        "code": "bool",
                                        "name": "string",
                                        "value": "string"
                                      }
                                    ]
                                  ]
                                }
                              ],
                              "recurse": "bool"
                            }
                          ],
                          "helm": [
                            "object",
                            {
                              "fileParameters": [
                                "list",
                                [
                                  "object",
                                  {
                                    "name": "string",
                                    "path": "string"
                                  }
                                ]
                              ],
                              "ignoreMissingValueFiles": "bool",
                              "parameters": [
                                "list",
                                [
                                  "object",
                                  {
                                    "forceString": "bool",
                                    "name": "string",
                                    "value": "string"
                                  }
                                ]
                              ],
                              "passCredentials": "bool",
                              "releaseName": "string",
                              "skipCrds": "bool",
                              "valueFiles": [
                                "list",
                                "string"
                              ],
                              "values": "string",
                              "valuesObject": "dynamic",
                              "version": "string"
                            }
                          ],
                          "kustomize": [
                            "object",
                            {
                              "commonAnnotations": [
                                "map",
                                "string"
                              ],
                              "commonAnnotationsEnvsubst": "bool",
                              "commonLabels": [
                                "map",
                                "string"
                              ],
                              "components": [
                                "list",
                                "string"
                              ],
                              "forceCommonAnnotations": "bool",
                              "forceCommonLabels": "bool",
                              "images": [
                                "list",
                                "string"
                              ],
                              "labelWithoutSelector": "bool",
                              "namePrefix": "string",
                              "nameSuffix": "string",
                              "namespace": "string",
                              "patches": [
                                "list",
                                [
                                  "object",
                                  {
                                    "options": [
                                      "map",
                                      "bool"
                                    ],
                                    "patch": "string",
                                    "path": "string",
                                    "target": [
                                      "object",
                                      {
                                        "annotationSelector": "string",
                                        "group": "string",
                                        "kind": "string",
                                        "labelSelector": "string",
                                        "name": "string",
                                        "namespace": "string",
                                        "version": "string"
                                      }
                                    ]
                                  }
                                ]
                              ],
                              "replicas": [
                                "list",
                                [
                                  "object",
                                  {
                                    "count": "string",
                                    "name": "string"
                                  }
                                ]
                              ],
                              "version": "string"
                            }
                          ],
                          "path": "string",
                          "plugin": [
                            "object",
                            {
                              "env": [
                                "list",
                                [
                                  "object",
                                  {
                                    "name": "string",
                                    "value": "string"
                                  }
                                ]
                              ],
                              "name": "string",
                              "parameters": [
                                "list",
                                [
                                  "object",
                                  {
                                    "array": [
                                      "list",
                                      "string"
                                    ],
                                    "map": [
                                      "map",
                                      "string"
                                    ],
                                    "name": "string",
                                    "string": "string"
                                  }
                                ]
                              ]
                            }
                          ],
                          "ref": "string",
                          "repoURL": "string",
                          "targetRevision": "string"
                        }
                      ],
                      "sources": [
                        "tuple",
                        [
                          [
                            "object",
                            {
                              "chart": "string",
                              "directory": [
                                "object",
                                {
                                  "exclude": "string",
                                  "include": "string",
                                  "jsonnet": [
                                    "object",
                                    {
                                      "extVars": [
                                        "list",
                                        [
                                          "object",
                                          {
                                            "code": "bool",
                                            "name": "string",
                                            "value": "string"
                                          }
                                        ]
                                      ],
                                      "libs": [
                                        "list",
                                        "string"
                                      ],
                                      "tlas": [
                                        "list",
                                        [
                                          "object",
                                          {
                                            "code": "bool",
                                            "name": "string",
                                            "value": "string"
                                          }
                                        ]
                                      ]
                                    }
                                  ],
                                  "recurse": "bool"
                                }
                              ],
                              "helm": [
                                "object",
                                {
                                  "fileParameters": [
                                    "list",
                                    [
                                      "object",
                                      {
                                        "name": "string",
                                        "path": "string"
                                      }
                                    ]
                                  ],
                                  "ignoreMissingValueFiles": "bool",
                                  "parameters": [
                                    "list",
                                    [
                                      "object",
                                      {
                                        "forceString": "bool",
                                        "name": "string",
                                        "value": "string"
                                      }
                                    ]
                                  ],
                                  "passCredentials": "bool",
                                  "releaseName": "string",
                                  "skipCrds": "bool",
                                  "valueFiles": [
                                    "list",
                                    "string"
                                  ],
                                  "values": "string",
                                  "valuesObject": "dynamic",
                                  "version": "string"
                                }
                              ],
                              "kustomize": [
                                "object",
                                {
                                  "commonAnnotations": [
                                    "map",
                                    "string"
                                  ],
                                  "commonAnnotationsEnvsubst": "bool",
                                  "commonLabels": [
                                    "map",
                                    "string"
                                  ],
                                  "components": [
                                    "list",
                                    "string"
                                  ],
                                  "forceCommonAnnotations": "bool",
                                  "forceCommonLabels": "bool",
                                  "images": [
                                    "list",
                                    "string"
                                  ],
                                  "labelWithoutSelector": "bool",
                                  "namePrefix": "string",
                                  "nameSuffix": "string",
                                  "namespace": "string",
                                  "patches": [
                                    "list",
                                    [
                                      "object",
                                      {
                                        "options": [
                                          "map",
                                          "bool"
                                        ],
                                        "patch": "string",
                                        "path": "string",
                                        "target": [
                                          "object",
                                          {
                                            "annotationSelector": "string",
                                            "group": "string",
                                            "kind": "string",
                                            "labelSelector": "string",
                                            "name": "string",
                                            "namespace": "string",
                                            "version": "string"
                                          }
                                        ]
                                      }
                                    ]
                                  ],
                                  "replicas": [
                                    "list",
                                    [
                                      "object",
                                      {
                                        "count": "string",
                                        "name": "string"
                                      }
                                    ]
                                  ],
                                  "version": "string"
                                }
                              ],
                              "path": "string",
                              "plugin": [
                                "object",
                                {
                                  "env": [
                                    "list",
                                    [
                                      "object",
                                      {
                                        "name": "string",
                                        "value": "string"
                                      }
                                    ]
                                  ],
                                  "name": "string",
                                  "parameters": [
                                    "list",
                                    [
                                      "object",
                                      {
                                        "array": [
                                          "list",
                                          "string"
                                        ],
                                        "map": [
                                          "map",
                                          "string"
                                        ],
                                        "name": "string",
                                        "string": "string"
                                      }
                                    ]
                                  ]
                                }
                              ],
                              "ref": "string",
                              "repoURL": "string",
                              "targetRevision": "string"
                            }
                          ]
                        ]
                      ],
                      "syncPolicy": [
                        "object",
                        {
                          "automated": [
                            "object",
                            {
                              "allowEmpty": "bool",
                              "prune": "bool",
                              "selfHeal": "bool"
                            }
                          ],
                          "managedNamespaceMetadata": [
                            "object",
                            {
                              "annotations": [
                                "map",
                                "string"
                              ],
                              "labels": [
                                "map",
                                "string"
                              ]
                            }
                          ],
                          "retry": [
                            "object",
                            {
                              "backoff": [
                                "object",
                                {
                                  "duration": "string",
                                  "factor": "number",
                                  "maxDuration": "string"
                                }
                              ],
                              "limit": "number"
                            }
                          ],
                          "syncOptions": [
                            "list",
                            "string"
                          ]
                        }
                      ]
                    }
                  ]
                }
              ]
            },
            "timeouts": [],
            "wait": [],
            "wait_for": null
          },
          "sensitive_attributes": []
        }
      ]
    }
  ],
  "check_results": null
}
